
Microsoft Visual Studio Solution File, Format Version 12.00
# Visual Studio Version 16
VisualStudioVersion = 16.0.29519.181
MinimumVisualStudioVersion = 10.0.40219.1
Project("{FAE04EC0-301F-11D3-BF4B-00C04F79EFBC}") = "TextTool", "TextTool\TextTool.csproj", "{C5A9BAA1-CDC3-4466-BBF0-16D95730CDAE}"
EndProject
Global
	GlobalSection(SolutionConfigurationPlatforms) = preSolution
		Debug|Any CPU = Debug|Any CPU
		Release|Any CPU = Release|Any CPU
	EndGlobalSection
	GlobalSection(ProjectConfigurationPlatforms) = postSolution
		{C5A9BAA1-CDC3-4466-BBF0-16D95730CDAE}.Debug|Any CPU.ActiveCfg = Debug|Any CPU
		{C5A9BAA1-CDC3-4466-BBF0-16D95730CDAE}.Debug|Any CPU.Build.0 = Debug|Any CPU
		{C5A9BAA1-CDC3-4466-BBF0-16D95730CDAE}.Release|Any CPU.ActiveCfg = Debug|Any CPU
		{C5A9BAA1-CDC3-4466-BBF0-16D95730CDAE}.Release|Any CPU.Build.0 = Debug|Any CPU
	EndGlobalSection
	GlobalSection(SolutionProperties) = preSolution
		HideSolutionNode = FALSE
	EndGlobalSection
	GlobalSection(ExtensibilityGlobals) = postSolution
		SolutionGuid = {6FCD110E-1D46-403E-B876-8359B4151835}
	EndGlobalSection
EndGlobal
